// !$*UTF8*$!
{
	archiveVersion = 1;
	classes = {
	};
	objectVersion = 46;
	objects = {

/* Begin PBXBuildFile section */
		8B15F75415D8D3A2003C6397 /* how.m in Sources */ = {isa = PBXBuildFile; fileRef = 8B15F75315D8D3A2003C6397 /* how.m */; };
		8B15F75615D8D865003C6397 /* shadow490.png in Resources */ = {isa = PBXBuildFile; fileRef = 8B15F75515D8D865003C6397 /* shadow490.png */; };
		8B15F75B15D8DB70003C6397 /* close_icon.png in Resources */ = {isa = PBXBuildFile; fileRef = 8B15F75715D8DB6F003C6397 /* close_icon.png */; };
		8B15F75C15D8DB70003C6397 /* close_icon@2x.png in Resources */ = {isa = PBXBuildFile; fileRef = 8B15F75815D8DB6F003C6397 /* close_icon@2x.png */; };
		8B15F75D15D8DB70003C6397 /* config_sns.png in Resources */ = {isa = PBXBuildFile; fileRef = 8B15F75915D8DB6F003C6397 /* config_sns.png */; };
		8B15F75E15D8DB70003C6397 /* config_sns@2x.png in Resources */ = {isa = PBXBuildFile; fileRef = 8B15F75A15D8DB70003C6397 /* config_sns@2x.png */; };
		8B15F76315D8DDC4003C6397 /* config_info.png in Resources */ = {isa = PBXBuildFile; fileRef = 8B15F76115D8DDC4003C6397 /* config_info.png */; };
		8B15F76415D8DDC4003C6397 /* config_info@2x.png in Resources */ = {isa = PBXBuildFile; fileRef = 8B15F76215D8DDC4003C6397 /* config_info@2x.png */; };
		8B62592515D8A04A00F43CA4 /* DSC_0003.png in Resources */ = {isa = PBXBuildFile; fileRef = 8B62591C15D8A04A00F43CA4 /* DSC_0003.png */; };
		8B62592615D8A04A00F43CA4 /* DSC_0004.png in Resources */ = {isa = PBXBuildFile; fileRef = 8B62591D15D8A04A00F43CA4 /* DSC_0004.png */; };
		8B62592715D8A04A00F43CA4 /* DSC_0032.png in Resources */ = {isa = PBXBuildFile; fileRef = 8B62591E15D8A04A00F43CA4 /* DSC_0032.png */; };
		8B62592815D8A04A00F43CA4 /* DSC_0041.png in Resources */ = {isa = PBXBuildFile; fileRef = 8B62591F15D8A04A00F43CA4 /* DSC_0041.png */; };
		8B62592915D8A04A00F43CA4 /* DSC_00511.png in Resources */ = {isa = PBXBuildFile; fileRef = 8B62592015D8A04A00F43CA4 /* DSC_00511.png */; };
		8B62592A15D8A04A00F43CA4 /* DSC_0051.png in Resources */ = {isa = PBXBuildFile; fileRef = 8B62592115D8A04A00F43CA4 /* DSC_0051.png */; };
		8B62592B15D8A04A00F43CA4 /* DSC_0052.png in Resources */ = {isa = PBXBuildFile; fileRef = 8B62592215D8A04A00F43CA4 /* DSC_0052.png */; };
		8B62592C15D8A04A00F43CA4 /* DSC_0055.png in Resources */ = {isa = PBXBuildFile; fileRef = 8B62592315D8A04A00F43CA4 /* DSC_0055.png */; };
		8B62592D15D8A04A00F43CA4 /* DSC_0062.png in Resources */ = {isa = PBXBuildFile; fileRef = 8B62592415D8A04A00F43CA4 /* DSC_0062.png */; };
		8B67AB5A15DA35F8001CC97A /* Option.m in Sources */ = {isa = PBXBuildFile; fileRef = 8B67AB5915DA35F8001CC97A /* Option.m */; };
		8B67AB5D15DA3CA2001CC97A /* icon-slideshow.png in Resources */ = {isa = PBXBuildFile; fileRef = 8B67AB5C15DA3CA2001CC97A /* icon-slideshow.png */; };
		8BA2864015D889290011E41B /* UIKit.framework in Frameworks */ = {isa = PBXBuildFile; fileRef = 8BA2863F15D889290011E41B /* UIKit.framework */; };
		8BA2864215D889290011E41B /* Foundation.framework in Frameworks */ = {isa = PBXBuildFile; fileRef = 8BA2864115D889290011E41B /* Foundation.framework */; };
		8BA2864415D889290011E41B /* CoreGraphics.framework in Frameworks */ = {isa = PBXBuildFile; fileRef = 8BA2864315D889290011E41B /* CoreGraphics.framework */; };
		8BA2864A15D889290011E41B /* InfoPlist.strings in Resources */ = {isa = PBXBuildFile; fileRef = 8BA2864815D889290011E41B /* InfoPlist.strings */; };
		8BA2864C15D889290011E41B /* main.m in Sources */ = {isa = PBXBuildFile; fileRef = 8BA2864B15D889290011E41B /* main.m */; };
		8BA2865015D889290011E41B /* AppDelegate.m in Sources */ = {isa = PBXBuildFile; fileRef = 8BA2864F15D889290011E41B /* AppDelegate.m */; };
		8BA2865315D889290011E41B /* MainStoryboard_iPhone.storyboard in Resources */ = {isa = PBXBuildFile; fileRef = 8BA2865115D889290011E41B /* MainStoryboard_iPhone.storyboard */; };
		8BA2865615D889290011E41B /* MainStoryboard_iPad.storyboard in Resources */ = {isa = PBXBuildFile; fileRef = 8BA2865415D889290011E41B /* MainStoryboard_iPad.storyboard */; };
		8BA2865915D889290011E41B /* ViewController.m in Sources */ = {isa = PBXBuildFile; fileRef = 8BA2865815D889290011E41B /* ViewController.m */; };
		8BA2866115D8892A0011E41B /* SenTestingKit.framework in Frameworks */ = {isa = PBXBuildFile; fileRef = 8BA2866015D8892A0011E41B /* SenTestingKit.framework */; };
		8BA2866215D8892A0011E41B /* UIKit.framework in Frameworks */ = {isa = PBXBuildFile; fileRef = 8BA2863F15D889290011E41B /* UIKit.framework */; };
		8BA2866315D8892A0011E41B /* Foundation.framework in Frameworks */ = {isa = PBXBuildFile; fileRef = 8BA2864115D889290011E41B /* Foundation.framework */; };
		8BA2866B15D8892A0011E41B /* InfoPlist.strings in Resources */ = {isa = PBXBuildFile; fileRef = 8BA2866915D8892A0011E41B /* InfoPlist.strings */; };
		8BA2866E15D8892A0011E41B /* Myfamily2Tests.m in Sources */ = {isa = PBXBuildFile; fileRef = 8BA2866D15D8892A0011E41B /* Myfamily2Tests.m */; };
/* End PBXBuildFile section */

/* Begin PBXContainerItemProxy section */
		8BA2866415D8892A0011E41B /* PBXContainerItemProxy */ = {
			isa = PBXContainerItemProxy;
			containerPortal = 8BA2863215D889290011E41B /* Project object */;
			proxyType = 1;
			remoteGlobalIDString = 8BA2863A15D889290011E41B;
			remoteInfo = Myfamily2;
		};
/* End PBXContainerItemProxy section */

/* Begin PBXFileReference section */
		8B15F75215D8D3A2003C6397 /* how.h */ = {isa = PBXFileReference; fileEncoding = 4; lastKnownFileType = sourcecode.c.h; path = how.h; sourceTree = "<group>"; };
		8B15F75315D8D3A2003C6397 /* how.m */ = {isa = PBXFileReference; fileEncoding = 4; lastKnownFileType = sourcecode.c.objc; path = how.m; sourceTree = "<group>"; };
		8B15F75515D8D865003C6397 /* shadow490.png */ = {isa = PBXFileReference; lastKnownFileType = image.png; name = shadow490.png; path = ../../../../Downloads/images/shadow490.png; sourceTree = "<group>"; };
		8B15F75715D8DB6F003C6397 /* close_icon.png */ = {isa = PBXFileReference; lastKnownFileType = image.png; name = close_icon.png; path = Resources/close_icon.png; sourceTree = SOURCE_ROOT; };
		8B15F75815D8DB6F003C6397 /* close_icon@2x.png */ = {isa = PBXFileReference; lastKnownFileType = image.png; name = "close_icon@2x.png"; path = "Resources/close_icon@2x.png"; sourceTree = SOURCE_ROOT; };
		8B15F75915D8DB6F003C6397 /* config_sns.png */ = {isa = PBXFileReference; lastKnownFileType = image.png; name = config_sns.png; path = Resources/config_sns.png; sourceTree = SOURCE_ROOT; };
		8B15F75A15D8DB70003C6397 /* config_sns@2x.png */ = {isa = PBXFileReference; lastKnownFileType = image.png; name = "config_sns@2x.png"; path = "Resources/config_sns@2x.png"; sourceTree = SOURCE_ROOT; };
		8B15F76115D8DDC4003C6397 /* config_info.png */ = {isa = PBXFileReference; lastKnownFileType = image.png; name = config_info.png; path = Resources/config_info.png; sourceTree = SOURCE_ROOT; };
		8B15F76215D8DDC4003C6397 /* config_info@2x.png */ = {isa = PBXFileReference; lastKnownFileType = image.png; name = "config_info@2x.png"; path = "Resources/config_info@2x.png"; sourceTree = SOURCE_ROOT; };
		8B62591C15D8A04A00F43CA4 /* DSC_0003.png */ = {isa = PBXFileReference; explicitFileType = image.png; name = DSC_0003.png; path = ../../../../Pictures/hyojoon/DSC_0003.png; sourceTree = "<group>"; };
		8B62591D15D8A04A00F43CA4 /* DSC_0004.png */ = {isa = PBXFileReference; explicitFileType = image.png; name = DSC_0004.png; path = ../../../../Pictures/hyojoon/DSC_0004.png; sourceTree = "<group>"; };
		8B62591E15D8A04A00F43CA4 /* DSC_0032.png */ = {isa = PBXFileReference; explicitFileType = image.png; name = DSC_0032.png; path = ../../../../Pictures/hyojoon/DSC_0032.png; sourceTree = "<group>"; };
		8B62591F15D8A04A00F43CA4 /* DSC_0041.png */ = {isa = PBXFileReference; explicitFileType = image.png; name = DSC_0041.png; path = ../../../../Pictures/hyojoon/DSC_0041.png; sourceTree = "<group>"; };
		8B62592015D8A04A00F43CA4 /* DSC_00511.png */ = {isa = PBXFileReference; explicitFileType = image.png; name = DSC_00511.png; path = ../../../../Pictures/hyojoon/DSC_00511.png; sourceTree = "<group>"; };
		8B62592115D8A04A00F43CA4 /* DSC_0051.png */ = {isa = PBXFileReference; explicitFileType = image.png; name = DSC_0051.png; path = ../../../../Pictures/hyojoon/DSC_0051.png; sourceTree = "<group>"; };
		8B62592215D8A04A00F43CA4 /* DSC_0052.png */ = {isa = PBXFileReference; explicitFileType = image.png; name = DSC_0052.png; path = ../../../../Pictures/hyojoon/DSC_0052.png; sourceTree = "<group>"; };
		8B62592315D8A04A00F43CA4 /* DSC_0055.png */ = {isa = PBXFileReference; explicitFileType = image.png; name = DSC_0055.png; path = ../../../../Pictures/hyojoon/DSC_0055.png; sourceTree = "<group>"; };
		8B62592415D8A04A00F43CA4 /* DSC_0062.png */ = {isa = PBXFileReference; explicitFileType = image.png; name = DSC_0062.png; path = ../../../../Pictures/hyojoon/DSC_0062.png; sourceTree = "<group>"; };
		8B67AB5815DA35F8001CC97A /* Option.h */ = {isa = PBXFileReference; fileEncoding = 4; lastKnownFileType = sourcecode.c.h; path = Option.h; sourceTree = "<group>"; };
		8B67AB5915DA35F8001CC97A /* Option.m */ = {isa = PBXFileReference; fileEncoding = 4; lastKnownFileType = sourcecode.c.objc; path = Option.m; sourceTree = "<group>"; };
		8B67AB5C15DA3CA2001CC97A /* icon-slideshow.png */ = {isa = PBXFileReference; lastKnownFileType = image.png; name = "icon-slideshow.png"; path = "Resources/icon-slideshow.png"; sourceTree = SOURCE_ROOT; };
		8BA2863B15D889290011E41B /* Myfamily.app */ = {isa = PBXFileReference; explicitFileType = wrapper.application; includeInIndex = 0; path = Myfamily.app; sourceTree = BUILT_PRODUCTS_DIR; };
		8BA2863F15D889290011E41B /* UIKit.framework */ = {isa = PBXFileReference; lastKnownFileType = wrapper.framework; name = UIKit.framework; path = System/Library/Frameworks/UIKit.framework; sourceTree = SDKROOT; };
		8BA2864115D889290011E41B /* Foundation.framework */ = {isa = PBXFileReference; lastKnownFileType = wrapper.framework; name = Foundation.framework; path = System/Library/Frameworks/Foundation.framework; sourceTree = SDKROOT; };
		8BA2864315D889290011E41B /* CoreGraphics.framework */ = {isa = PBXFileReference; lastKnownFileType = wrapper.framework; name = CoreGraphics.framework; path = System/Library/Frameworks/CoreGraphics.framework; sourceTree = SDKROOT; };
		8BA2864715D889290011E41B /* Myfamily-Info.plist */ = {isa = PBXFileReference; lastKnownFileType = text.plist.xml; path = "Myfamily-Info.plist"; sourceTree = "<group>"; };
		8BA2864915D889290011E41B /* en */ = {isa = PBXFileReference; lastKnownFileType = text.plist.strings; name = en; path = en.lproj/InfoPlist.strings; sourceTree = "<group>"; };
		8BA2864B15D889290011E41B /* main.m */ = {isa = PBXFileReference; lastKnownFileType = sourcecode.c.objc; path = main.m; sourceTree = "<group>"; };
		8BA2864D15D889290011E41B /* Myfamily-Prefix.pch */ = {isa = PBXFileReference; lastKnownFileType = sourcecode.c.h; path = "Myfamily-Prefix.pch"; sourceTree = "<group>"; };
		8BA2864E15D889290011E41B /* AppDelegate.h */ = {isa = PBXFileReference; lastKnownFileType = sourcecode.c.h; path = AppDelegate.h; sourceTree = "<group>"; };
		8BA2864F15D889290011E41B /* AppDelegate.m */ = {isa = PBXFileReference; lastKnownFileType = sourcecode.c.objc; path = AppDelegate.m; sourceTree = "<group>"; };
		8BA2865215D889290011E41B /* en */ = {isa = PBXFileReference; lastKnownFileType = file.storyboard; name = en; path = en.lproj/MainStoryboard_iPhone.storyboard; sourceTree = "<group>"; };
		8BA2865515D889290011E41B /* en */ = {isa = PBXFileReference; lastKnownFileType = file.storyboard; name = en; path = en.lproj/MainStoryboard_iPad.storyboard; sourceTree = "<group>"; };
		8BA2865715D889290011E41B /* ViewController.h */ = {isa = PBXFileReference; lastKnownFileType = sourcecode.c.h; path = ViewController.h; sourceTree = "<group>"; };
		8BA2865815D889290011E41B /* ViewController.m */ = {isa = PBXFileReference; lastKnownFileType = sourcecode.c.objc; path = ViewController.m; sourceTree = "<group>"; };
		8BA2865F15D8892A0011E41B /* MyfamilyTests.octest */ = {isa = PBXFileReference; explicitFileType = wrapper.cfbundle; includeInIndex = 0; path = MyfamilyTests.octest; sourceTree = BUILT_PRODUCTS_DIR; };
		8BA2866015D8892A0011E41B /* SenTestingKit.framework */ = {isa = PBXFileReference; lastKnownFileType = wrapper.framework; name = SenTestingKit.framework; path = Library/Frameworks/SenTestingKit.framework; sourceTree = DEVELOPER_DIR; };
		8BA2866815D8892A0011E41B /* MyfamilyTests-Info.plist */ = {isa = PBXFileReference; lastKnownFileType = text.plist.xml; path = "MyfamilyTests-Info.plist"; sourceTree = "<group>"; };
		8BA2866A15D8892A0011E41B /* en */ = {isa = PBXFileReference; lastKnownFileType = text.plist.strings; name = en; path = en.lproj/InfoPlist.strings; sourceTree = "<group>"; };
		8BA2866C15D8892A0011E41B /* Myfamily2Tests.h */ = {isa = PBXFileReference; lastKnownFileType = sourcecode.c.h; path = Myfamily2Tests.h; sourceTree = "<group>"; };
		8BA2866D15D8892A0011E41B /* Myfamily2Tests.m */ = {isa = PBXFileReference; lastKnownFileType = sourcecode.c.objc; path = Myfamily2Tests.m; sourceTree = "<group>"; };
/* End PBXFileReference section */

/* Begin PBXFrameworksBuildPhase section */
		8BA2863815D889290011E41B /* Frameworks */ = {
			isa = PBXFrameworksBuildPhase;
			buildActionMask = 2147483647;
			files = (
				8BA2864015D889290011E41B /* UIKit.framework in Frameworks */,
				8BA2864215D889290011E41B /* Foundation.framework in Frameworks */,
				8BA2864415D889290011E41B /* CoreGraphics.framework in Frameworks */,
			);
			runOnlyForDeploymentPostprocessing = 0;
		};
		8BA2865B15D8892A0011E41B /* Frameworks */ = {
			isa = PBXFrameworksBuildPhase;
			buildActionMask = 2147483647;
			files = (
				8BA2866115D8892A0011E41B /* SenTestingKit.framework in Frameworks */,
				8BA2866215D8892A0011E41B /* UIKit.framework in Frameworks */,
				8BA2866315D8892A0011E41B /* Foundation.framework in Frameworks */,
			);
			runOnlyForDeploymentPostprocessing = 0;
		};
/* End PBXFrameworksBuildPhase section */

/* Begin PBXGroup section */
		8B62591B15D8A00A00F43CA4 /* Resources */ = {
			isa = PBXGroup;
			children = (
				8B15F76115D8DDC4003C6397 /* config_info.png */,
				8B67AB5C15DA3CA2001CC97A /* icon-slideshow.png */,
				8B15F76215D8DDC4003C6397 /* config_info@2x.png */,
				8B15F75715D8DB6F003C6397 /* close_icon.png */,
				8B15F75815D8DB6F003C6397 /* close_icon@2x.png */,
				8B15F75915D8DB6F003C6397 /* config_sns.png */,
				8B15F75A15D8DB70003C6397 /* config_sns@2x.png */,
				8B62591C15D8A04A00F43CA4 /* DSC_0003.png */,
				8B62591D15D8A04A00F43CA4 /* DSC_0004.png */,
				8B15F75515D8D865003C6397 /* shadow490.png */,
				8B62591E15D8A04A00F43CA4 /* DSC_0032.png */,
				8B62591F15D8A04A00F43CA4 /* DSC_0041.png */,
				8B62592015D8A04A00F43CA4 /* DSC_00511.png */,
				8B62592115D8A04A00F43CA4 /* DSC_0051.png */,
				8B62592215D8A04A00F43CA4 /* DSC_0052.png */,
				8B62592315D8A04A00F43CA4 /* DSC_0055.png */,
				8B62592415D8A04A00F43CA4 /* DSC_0062.png */,
			);
			name = Resources;
			sourceTree = "<group>";
		};
		8BA2863015D889290011E41B = {
			isa = PBXGroup;
			children = (
				8BA2864515D889290011E41B /* Myfamily2 */,
				8BA2866615D8892A0011E41B /* Myfamily2Tests */,
				8BA2863E15D889290011E41B /* Frameworks */,
				8BA2863C15D889290011E41B /* Products */,
			);
			sourceTree = "<group>";
		};
		8BA2863C15D889290011E41B /* Products */ = {
			isa = PBXGroup;
			children = (
				8BA2863B15D889290011E41B /* Myfamily.app */,
				8BA2865F15D8892A0011E41B /* MyfamilyTests.octest */,
			);
			name = Products;
			sourceTree = "<group>";
		};
		8BA2863E15D889290011E41B /* Frameworks */ = {
			isa = PBXGroup;
			children = (
				8BA2863F15D889290011E41B /* UIKit.framework */,
				8BA2864115D889290011E41B /* Foundation.framework */,
				8BA2864315D889290011E41B /* CoreGraphics.framework */,
				8BA2866015D8892A0011E41B /* SenTestingKit.framework */,
			);
			name = Frameworks;
			sourceTree = "<group>";
		};
		8BA2864515D889290011E41B /* Myfamily2 */ = {
			isa = PBXGroup;
			children = (
				8B62591B15D8A00A00F43CA4 /* Resources */,
				8BA2864E15D889290011E41B /* AppDelegate.h */,
				8BA2864F15D889290011E41B /* AppDelegate.m */,
				8BA2865115D889290011E41B /* MainStoryboard_iPhone.storyboard */,
				8B67AB5815DA35F8001CC97A /* Option.h */,
				8B67AB5915DA35F8001CC97A /* Option.m */,
				8BA2865415D889290011E41B /* MainStoryboard_iPad.storyboard */,
				8B15F75215D8D3A2003C6397 /* how.h */,
				8B15F75315D8D3A2003C6397 /* how.m */,
				8BA2865715D889290011E41B /* ViewController.h */,
				8BA2865815D889290011E41B /* ViewController.m */,
				8BA2864615D889290011E41B /* Supporting Files */,
			);
			path = Myfamily2;
			sourceTree = "<group>";
		};
		8BA2864615D889290011E41B /* Supporting Files */ = {
			isa = PBXGroup;
			children = (
				8BA2864715D889290011E41B /* Myfamily-Info.plist */,
				8BA2864815D889290011E41B /* InfoPlist.strings */,
				8BA2864B15D889290011E41B /* main.m */,
				8BA2864D15D889290011E41B /* Myfamily-Prefix.pch */,
			);
			name = "Supporting Files";
			sourceTree = "<group>";
		};
		8BA2866615D8892A0011E41B /* Myfamily2Tests */ = {
			isa = PBXGroup;
			children = (
				8BA2866C15D8892A0011E41B /* Myfamily2Tests.h */,
				8BA2866D15D8892A0011E41B /* Myfamily2Tests.m */,
				8BA2866715D8892A0011E41B /* Supporting Files */,
			);
			path = Myfamily2Tests;
			sourceTree = "<group>";
		};
		8BA2866715D8892A0011E41B /* Supporting Files */ = {
			isa = PBXGroup;
			children = (
				8BA2866815D8892A0011E41B /* MyfamilyTests-Info.plist */,
				8BA2866915D8892A0011E41B /* InfoPlist.strings */,
			);
			name = "Supporting Files";
			sourceTree = "<group>";
		};
/* End PBXGroup section */

/* Begin PBXNativeTarget section */
		8BA2863A15D889290011E41B /* Myfamily */ = {
			isa = PBXNativeTarget;
			buildConfigurationList = 8BA2867115D8892A0011E41B /* Build configuration list for PBXNativeTarget "Myfamily" */;
			buildPhases = (
				8BA2863715D889290011E41B /* Sources */,
				8BA2863815D889290011E41B /* Frameworks */,
				8BA2863915D889290011E41B /* Resources */,
			);
			buildRules = (
			);
			dependencies = (
			);
			name = Myfamily;
			productName = Myfamily2;
			productReference = 8BA2863B15D889290011E41B /* Myfamily.app */;
			productType = "com.apple.product-type.application";
		};
		8BA2865E15D8892A0011E41B /* MyfamilyTests */ = {
			isa = PBXNativeTarget;
			buildConfigurationList = 8BA2867415D8892A0011E41B /* Build configuration list for PBXNativeTarget "MyfamilyTests" */;
			buildPhases = (
				8BA2865A15D8892A0011E41B /* Sources */,
				8BA2865B15D8892A0011E41B /* Frameworks */,
				8BA2865C15D8892A0011E41B /* Resources */,
				8BA2865D15D8892A0011E41B /* ShellScript */,
			);
			buildRules = (
			);
			dependencies = (
				8BA2866515D8892A0011E41B /* PBXTargetDependency */,
			);
			name = MyfamilyTests;
			productName = Myfamily2Tests;
			productReference = 8BA2865F15D8892A0011E41B /* MyfamilyTests.octest */;
			productType = "com.apple.product-type.bundle";
		};
/* End PBXNativeTarget section */

/* Begin PBXProject section */
		8BA2863215D889290011E41B /* Project object */ = {
			isa = PBXProject;
			attributes = {
				LastUpgradeCheck = 0440;
				ORGANIZATIONNAME = jeonggwanlee;
			};
			buildConfigurationList = 8BA2863515D889290011E41B /* Build configuration list for PBXProject "Myfamily" */;
			compatibilityVersion = "Xcode 3.2";
			developmentRegion = English;
			hasScannedForEncodings = 0;
			knownRegions = (
				en,
			);
			mainGroup = 8BA2863015D889290011E41B;
			productRefGroup = 8BA2863C15D889290011E41B /* Products */;
			projectDirPath = "";
			projectRoot = "";
			targets = (
				8BA2863A15D889290011E41B /* Myfamily */,
				8BA2865E15D8892A0011E41B /* MyfamilyTests */,
			);
		};
/* End PBXProject section */

/* Begin PBXResourcesBuildPhase section */
		8BA2863915D889290011E41B /* Resources */ = {
			isa = PBXResourcesBuildPhase;
			buildActionMask = 2147483647;
			files = (
				8BA2864A15D889290011E41B /* InfoPlist.strings in Resources */,
				8BA2865315D889290011E41B /* MainStoryboard_iPhone.storyboard in Resources */,
				8BA2865615D889290011E41B /* MainStoryboard_iPad.storyboard in Resources */,
				8B62592515D8A04A00F43CA4 /* DSC_0003.png in Resources */,
				8B62592615D8A04A00F43CA4 /* DSC_0004.png in Resources */,
				8B62592715D8A04A00F43CA4 /* DSC_0032.png in Resources */,
				8B62592815D8A04A00F43CA4 /* DSC_0041.png in Resources */,
				8B62592915D8A04A00F43CA4 /* DSC_00511.png in Resources */,
				8B62592A15D8A04A00F43CA4 /* DSC_0051.png in Resources */,
				8B62592B15D8A04A00F43CA4 /* DSC_0052.png in Resources */,
				8B62592C15D8A04A00F43CA4 /* DSC_0055.png in Resources */,
				8B62592D15D8A04A00F43CA4 /* DSC_0062.png in Resources */,
				8B15F75615D8D865003C6397 /* shadow490.png in Resources */,
				8B15F75B15D8DB70003C6397 /* close_icon.png in Resources */,
				8B15F75C15D8DB70003C6397 /* close_icon@2x.png in Resources */,
				8B15F75D15D8DB70003C6397 /* config_sns.png in Resources */,
				8B15F75E15D8DB70003C6397 /* config_sns@2x.png in Resources */,
				8B15F76315D8DDC4003C6397 /* config_info.png in Resources */,
				8B15F76415D8DDC4003C6397 /* config_info@2x.png in Resources */,
				8B67AB5D15DA3CA2001CC97A /* icon-slideshow.png in Resources */,
			);
			runOnlyForDeploymentPostprocessing = 0;
		};
		8BA2865C15D8892A0011E41B /* Resources */ = {
			isa = PBXResourcesBuildPhase;
			buildActionMask = 2147483647;
			files = (
				8BA2866B15D8892A0011E41B /* InfoPlist.strings in Resources */,
			);
			runOnlyForDeploymentPostprocessing = 0;
		};
/* End PBXResourcesBuildPhase section */

/* Begin PBXShellScriptBuildPhase section */
		8BA2865D15D8892A0011E41B /* ShellScript */ = {
			isa = PBXShellScriptBuildPhase;
			buildActionMask = 2147483647;
			files = (
			);
			inputPaths = (
			);
			outputPaths = (
			);
			runOnlyForDeploymentPostprocessing = 0;
			shellPath = /bin/sh;
			shellScript = "# Run the unit tests in this test bundle.\n\"${SYSTEM_DEVELOPER_DIR}/Tools/RunUnitTests\"\n";
		};
/* End PBXShellScriptBuildPhase section */

/* Begin PBXSourcesBuildPhase section */
		8BA2863715D889290011E41B /* Sources */ = {
			isa = PBXSourcesBuildPhase;
			buildActionMask = 2147483647;
			files = (
				8BA2864C15D889290011E41B /* main.m in Sources */,
				8BA2865015D889290011E41B /* AppDelegate.m in Sources */,
				8BA2865915D889290011E41B /* ViewController.m in Sources */,
				8B15F75415D8D3A2003C6397 /* how.m in Sources */,
				8B67AB5A15DA35F8001CC97A /* Option.m in Sources */,
			);
			runOnlyForDeploymentPostprocessing = 0;
		};
		8BA2865A15D8892A0011E41B /* Sources */ = {
			isa = PBXSourcesBuildPhase;
			buildActionMask = 2147483647;
			files = (
				8BA2866E15D8892A0011E41B /* Myfamily2Tests.m in Sources */,
			);
			runOnlyForDeploymentPostprocessing = 0;
		};
/* End PBXSourcesBuildPhase section */

/* Begin PBXTargetDependency section */
		8BA2866515D8892A0011E41B /* PBXTargetDependency */ = {
			isa = PBXTargetDependency;
			target = 8BA2863A15D889290011E41B /* Myfamily */;
			targetProxy = 8BA2866415D8892A0011E41B /* PBXContainerItemProxy */;
		};
/* End PBXTargetDependency section */

/* Begin PBXVariantGroup section */
		8BA2864815D889290011E41B /* InfoPlist.strings */ = {
			isa = PBXVariantGroup;
			children = (
				8BA2864915D889290011E41B /* en */,
			);
			name = InfoPlist.strings;
			sourceTree = "<group>";
		};
		8BA2865115D889290011E41B /* MainStoryboard_iPhone.storyboard */ = {
			isa = PBXVariantGroup;
			children = (
				8BA2865215D889290011E41B /* en */,
			);
			name = MainStoryboard_iPhone.storyboard;
			sourceTree = "<group>";
		};
		8BA2865415D889290011E41B /* MainStoryboard_iPad.storyboard */ = {
			isa = PBXVariantGroup;
			children = (
				8BA2865515D889290011E41B /* en */,
			);
			name = MainStoryboard_iPad.storyboard;
			sourceTree = "<group>";
		};
		8BA2866915D8892A0011E41B /* InfoPlist.strings */ = {
			isa = PBXVariantGroup;
			children = (
				8BA2866A15D8892A0011E41B /* en */,
			);
			name = InfoPlist.strings;
			sourceTree = "<group>";
		};
/* End PBXVariantGroup section */

/* Begin XCBuildConfiguration section */
		8BA2866F15D8892A0011E41B /* Debug */ = {
			isa = XCBuildConfiguration;
			buildSettings = {
				ALWAYS_SEARCH_USER_PATHS = NO;
				ARCHS = "$(ARCHS_STANDARD_32_BIT)";
				CLANG_CXX_LANGUAGE_STANDARD = "gnu++0x";
				CLANG_ENABLE_OBJC_ARC = YES;
				CLANG_WARN__DUPLICATE_METHOD_MATCH = YES;
				"CODE_SIGN_IDENTITY[sdk=iphoneos*]" = "iPhone Developer";
				COPY_PHASE_STRIP = NO;
				GCC_C_LANGUAGE_STANDARD = gnu99;
				GCC_DYNAMIC_NO_PIC = NO;
				GCC_OPTIMIZATION_LEVEL = 0;
				GCC_PREPROCESSOR_DEFINITIONS = (
					"DEBUG=1",
					"$(inherited)",
				);
				GCC_SYMBOLS_PRIVATE_EXTERN = NO;
				GCC_VERSION = com.apple.compilers.llvm.clang.1_0;
				GCC_WARN_ABOUT_RETURN_TYPE = YES;
				GCC_WARN_UNINITIALIZED_AUTOS = YES;
				GCC_WARN_UNUSED_VARIABLE = YES;
				IPHONEOS_DEPLOYMENT_TARGET = 5.0;
				SDKROOT = iphoneos;
				TARGETED_DEVICE_FAMILY = "1,2";
			};
			name = Debug;
		};
		8BA2867015D8892A0011E41B /* Release */ = {
			isa = XCBuildConfiguration;
			buildSettings = {
				ALWAYS_SEARCH_USER_PATHS = NO;
				ARCHS = "$(ARCHS_STANDARD_32_BIT)";
				CLANG_CXX_LANGUAGE_STANDARD = "gnu++0x";
				CLANG_ENABLE_OBJC_ARC = YES;
				CLANG_WARN__DUPLICATE_METHOD_MATCH = YES;
				"CODE_SIGN_IDENTITY[sdk=iphoneos*]" = "iPhone Developer";
				COPY_PHASE_STRIP = YES;
				GCC_C_LANGUAGE_STANDARD = gnu99;
				GCC_VERSION = com.apple.compilers.llvm.clang.1_0;
				GCC_WARN_ABOUT_RETURN_TYPE = YES;
				GCC_WARN_UNINITIALIZED_AUTOS = YES;
				GCC_WARN_UNUSED_VARIABLE = YES;
				IPHONEOS_DEPLOYMENT_TARGET = 5.0;
				OTHER_CFLAGS = "-DNS_BLOCK_ASSERTIONS=1";
				SDKROOT = iphoneos;
				TARGETED_DEVICE_FAMILY = "1,2";
				VALIDATE_PRODUCT = YES;
			};
			name = Release;
		};
		8BA2867215D8892A0011E41B /* Debug */ = {
			isa = XCBuildConfiguration;
			buildSettings = {
				GCC_PRECOMPILE_PREFIX_HEADER = YES;
				GCC_PREFIX_HEADER = "Myfamily2/Myfamily-Prefix.pch";
				INFOPLIST_FILE = "Myfamily2/Myfamily-Info.plist";
				IPHONEOS_DEPLOYMENT_TARGET = 5.0;
				PRODUCT_NAME = Myfamily;
				WRAPPER_EXTENSION = app;
			};
			name = Debug;
		};
		8BA2867315D8892A0011E41B /* Release */ = {
			isa = XCBuildConfiguration;
			buildSettings = {
				GCC_PRECOMPILE_PREFIX_HEADER = YES;
				GCC_PREFIX_HEADER = "Myfamily2/Myfamily-Prefix.pch";
				INFOPLIST_FILE = "Myfamily2/Myfamily-Info.plist";
				IPHONEOS_DEPLOYMENT_TARGET = 5.0;
				PRODUCT_NAME = Myfamily;
				WRAPPER_EXTENSION = app;
			};
			name = Release;
		};
		8BA2867515D8892A0011E41B /* Debug */ = {
			isa = XCBuildConfiguration;
			buildSettings = {
				BUNDLE_LOADER = "$(BUILT_PRODUCTS_DIR)/Myfamily2.app/Myfamily2";
				FRAMEWORK_SEARCH_PATHS = (
					"\"$(SDKROOT)/Developer/Library/Frameworks\"",
					"\"$(DEVELOPER_LIBRARY_DIR)/Frameworks\"",
				);
				GCC_PRECOMPILE_PREFIX_HEADER = YES;
				GCC_PREFIX_HEADER = "Myfamily2/Myfamily2-Prefix.pch";
				INFOPLIST_FILE = "Myfamily2Tests/MyfamilyTests-Info.plist";
				PRODUCT_NAME = MyfamilyTests;
				TEST_HOST = "$(BUNDLE_LOADER)";
				WRAPPER_EXTENSION = octest;
			};
			name = Debug;
		};
		8BA2867615D8892A0011E41B /* Release */ = {
			isa = XCBuildConfiguration;
			buildSettings = {
				BUNDLE_LOADER = "$(BUILT_PRODUCTS_DIR)/Myfamily2.app/Myfamily2";
				FRAMEWORK_SEARCH_PATHS = (
					"\"$(SDKROOT)/Developer/Library/Frameworks\"",
					"\"$(DEVELOPER_LIBRARY_DIR)/Frameworks\"",
				);
				GCC_PRECOMPILE_PREFIX_HEADER = YES;
				GCC_PREFIX_HEADER = "Myfamily2/Myfamily2-Prefix.pch";
				INFOPLIST_FILE = "Myfamily2Tests/MyfamilyTests-Info.plist";
				PRODUCT_NAME = MyfamilyTests;
				TEST_HOST = "$(BUNDLE_LOADER)";
				WRAPPER_EXTENSION = octest;
			};
			name = Release;
		};
/* End XCBuildConfiguration section */

/* Begin XCConfigurationList section */
		8BA2863515D889290011E41B /* Build configuration list for PBXProject "Myfamily" */ = {
			isa = XCConfigurationList;
			buildConfigurations = (
				8BA2866F15D8892A0011E41B /* Debug */,
				8BA2867015D8892A0011E41B /* Release */,
			);
			defaultConfigurationIsVisible = 0;
			defaultConfigurationName = Release;
		};
		8BA2867115D8892A0011E41B /* Build configuration list for PBXNativeTarget "Myfamily" */ = {
			isa = XCConfigurationList;
			buildConfigurations = (
				8BA2867215D8892A0011E41B /* Debug */,
				8BA2867315D8892A0011E41B /* Release */,
			);
			defaultConfigurationIsVisible = 0;
			defaultConfigurationName = Release;
		};
		8BA2867415D8892A0011E41B /* Build configuration list for PBXNativeTarget "MyfamilyTests" */ = {
			isa = XCConfigurationList;
			buildConfigurations = (
				8BA2867515D8892A0011E41B /* Debug */,
				8BA2867615D8892A0011E41B /* Release */,
			);
			defaultConfigurationIsVisible = 0;
			defaultConfigurationName = Release;
		};
/* End XCConfigurationList section */
	};
	rootObject = 8BA2863215D889290011E41B /* Project object */;
}
